
Microsoft Visual Studio Solution File, Format Version 12.00
# Visual Studio Version 16
VisualStudioVersion = 16.0.30523.141
MinimumVisualStudioVersion = 10.0.40219.1
Project("{FAE04EC0-301F-11D3-BF4B-00C04F79EFBC}") = "GenerateVoices", "GenerateVoices.csproj", "{37DAABE2-5353-4066-B7DC-D67D873FFFED}"
EndProject
Global
	GlobalSection(SolutionConfigurationPlatforms) = preSolution
		Debug|Any CPU = Debug|Any CPU
		Release|Any CPU = Release|Any CPU
	EndGlobalSection
	GlobalSection(ProjectConfigurationPlatforms) = postSolution
		{37DAABE2-5353-4066-B7DC-D67D873FFFED}.Debug|Any CPU.ActiveCfg = Debug|Any CPU
		{37DAABE2-5353-4066-B7DC-D67D873FFFED}.Debug|Any CPU.Build.0 = Debug|Any CPU
		{37DAABE2-5353-4066-B7DC-D67D873FFFED}.Release|Any CPU.ActiveCfg = Release|Any CPU
		{37DAABE2-5353-4066-B7DC-D67D873FFFED}.Release|Any CPU.Build.0 = Release|Any CPU
	EndGlobalSection
	GlobalSection(SolutionProperties) = preSolution
		HideSolutionNode = FALSE
	EndGlobalSection
	GlobalSection(ExtensibilityGlobals) = postSolution
		SolutionGuid = {B9A99D3E-CB72-4172-9867-707328DC387F}
	EndGlobalSection
EndGlobal
